
Microsoft Visual Studio Solution File, Format Version 12.00
# Visual Studio Version 16
VisualStudioVersion = 16.0.29519.87
MinimumVisualStudioVersion = 10.0.40219.1
Project("{FAE04EC0-301F-11D3-BF4B-00C04F79EFBC}") = "SqlVirtualEntityDataProvider", "SqlVirtualEntityDataProvider\SqlVirtualEntityDataProvider.csproj", "{62D2D0A0-395E-4970-824A-12001296CC43}"
EndProject
Global
	GlobalSection(SolutionConfigurationPlatforms) = preSolution
		Debug|Any CPU = Debug|Any CPU
		Release|Any CPU = Release|Any CPU
	EndGlobalSection
	GlobalSection(ProjectConfigurationPlatforms) = postSolution
		{62D2D0A0-395E-4970-824A-12001296CC43}.Debug|Any CPU.ActiveCfg = Debug|Any CPU
		{62D2D0A0-395E-4970-824A-12001296CC43}.Debug|Any CPU.Build.0 = Debug|Any CPU
		{62D2D0A0-395E-4970-824A-12001296CC43}.Release|Any CPU.ActiveCfg = Release|Any CPU
		{62D2D0A0-395E-4970-824A-12001296CC43}.Release|Any CPU.Build.0 = Release|Any CPU
	EndGlobalSection
	GlobalSection(SolutionProperties) = preSolution
		HideSolutionNode = FALSE
	EndGlobalSection
	GlobalSection(ExtensibilityGlobals) = postSolution
		SolutionGuid = {251E7F6B-CE0B-4E20-AB50-96EE460E4B5B}
	EndGlobalSection
EndGlobal
